github.com/Azure/azure-sdk-for-go v58.0.0+incompatible h1:Cw16jiP4dI+CK761aq44ol4RV5dUiIIXky1+EKpoiVM=
github.com/Azure/azure-sdk-for-go v58.0.0+incompatible/go.mod h1:9XXNKU+eRnpl9moKnB4QOLf1HestfXbmab5FXxiDBjc=
github.com/Azure/go-autorest v14.2.0+incompatible h1:V5VMDjClD3GiElqLWO7mz2MxNAK/vTfRHdAubSIPRgs=
github.com/Azure/go-autorest v14.2.0+incompatible/go.mod h1:r+4oMnoxhatjLLJ6zxSWATqVooLgysK6ZNox3g/xq24=
github.com/Azure/go-autorest/autorest v0.11.17/go.mod h1:eipySxLmqSyC5s5k1CLupqet0PSENBEDP93LQ9a8QYw=
github.com/Azure/go-autorest/autorest v0.11.21 h1:w77zY/9RnUAWcIQyDC0Fc89mCvwftR8F+zsR/OH6enk=
github.com/Azure/go-autorest/autorest v0.11.21/go.mod h1:Do/yuMSW/13ayUkcVREpsMHGG+MvV81uzSCFgYPj4tM=
github.com/Azure/go-autorest/autorest/adal v0.9.5/go.mod h1:B7KF7jKIeC9Mct5spmyCB/A8CG/sEz1vwIRGv/bbw7A=
github.com/Azure/go-autorest/autorest/adal v0.9.11/go.mod h1:nBKAnTomx8gDtl+3ZCJv2v0KACFHWTB2drffI1B68Pk=
github.com/Azure/go-autorest/autorest/adal v0.9.14/go.mod h1:W/MM4U6nLxnIskrw4UwWzlHfGjwUS50aOsc/I3yuU8M=
github.com/Azure/go-autorest/autorest/adal v0.9.16 h1:P8An8Z9rH1ldbOLdFpxYorgOt2sywL9V24dAwWHPuGc=
github.com/Azure/go-autorest/autorest/adal v0.9.16/go.mod h1:tGMin8I49Yij6AQ+rvV+Xa/zwxYQB5hmsd6DkfAx2+A=
github.com/Azure/go-autorest/autorest/azure/auth v0.5.8 h1:TzPg6B6fTZ0G1zBf3T54aI7p3cAT6u//TOXGPmFMOXg=
github.com/Azure/go-autorest/autorest/azure/auth v0.5.8/go.mod h1:kxyKZTSfKh8OVFWPAgOgQ/frrJgeYQJPyR5fLFmXko4=
github.com/Azure/go-autorest/autorest/azure/cli v0.4.2/go.mod h1:7qkJkT+j6b+hIpzMOwPChJhTqS8VbsqqgULzMNRugoM=
github.com/Azure/go-autorest/autorest/azure/cli v0.4.3 h1:DOhB+nXkF7LN0JfBGB5YtCF6QLK8mLe4psaHF7ZQEKM=
github.com/Azure/go-autorest/autorest/azure/cli v0.4.3/go.mod h1:yAQ2b6eP/CmLPnmLvxtT1ALIY3OR1oFcCqVBi8vHiTc=
github.com/Azure/go-autorest/autorest/date v0.3.0 h1:7gUk1U5M/CQbp9WoqinNzJar+8KY+LPI6wiWrP/myHw=
github.com/Azure/go-autorest/autorest/date v0.3.0/go.mod h1:BI0uouVdmngYNUzGWeSYnokU+TrmwEsOqdt8Y6sso74=
github.com/Azure/go-autorest/autorest/mocks v0.4.1 h1:K0laFcLE6VLTOwNgSxaGbUcLPuGXlNkbVvq4cW4nIHk=
github.com/Azure/go-autorest/autorest/mocks v0.4.1/go.mod h1:LTp+uSrOhSkaKrUy935gNZuuIPPVsHlr9DSOxSayd+k=
github.com/Azure/go-autorest/autorest/to v0.4.0 h1:oXVqrxakqqV1UZdSazDOPOLvOIz+XA683u8EctwboHk=
github.com/Azure/go-autorest/autorest/to v0.4.0/go.mod h1:fE8iZBn7LQR7zH/9XU2NcPR4o9jEImooCeWJcYV/zLE=
github.com/Azure/go-autorest/autorest/validation v0.3.1 h1:AgyqjAd94fwNAoTjl/WQXg4VvFeRFpO+UhNyRXqF1ac=
github.com/Azure/go-autorest/autorest/validation v0.3.1/go.mod h1:yhLgjC0Wda5DYXl6JAsWyUe4KVNffhoDhG0zVzUMo3E=
github.com/Azure/go-autorest/logger v0.2.0/go.mod h1:T9E3cAhj2VqvPOtCYAvby9aBXkZmbF5NWuPV8+WeEW8=
github.com/Azure/go-autorest/logger v0.2.1 h1:IG7i4p/mDa2Ce4TRyAO8IHnVhAVF3RFU+ZtXWSmf4Tg=
github.com/Azure/go-autorest/logger v0.2.1/go.mod h1:T9E3cAhj2VqvPOtCYAvby9aBXkZmbF5NWuPV8+WeEW8=
github.com/Azure/go-autorest/tracing v0.6.0 h1:TYi4+3m5t6K48TGI9AUdb+IzbnSxvnvUMfuitfgcfuo=
github.com/Azure/go-autorest/tracing v0.6.0/go.mod h1:+vhtPC754Xsa23ID7GlGsrdKBpUA79WCAKPPZVC2DeU=
github.com/BurntSushi/toml v0.3.1/go.mod h1:xHWCNGjB5oqiDr8zfno3MHue2Ht5sIBksp03qcyfWMU=
github.com/cpuguy83/go-md2man/v2 v2.0.0-20190314233015-f79a8a8ca69d/go.mod h1:maD7wRr/U5Z6m/iR4s+kqSMx2CaBsrgA7czyZG/E6dU=
github.com/cpuguy83/go-md2man/v2 v2.0.1 h1:r/myEWzV9lfsM1tFLgDyu0atFtJ1fXn261LKYj/3DxU=
github.com/cpuguy83/go-md2man/v2 v2.0.1/go.mod h1:tgQtvFlXSQOSOSIRvRPT7W67SCa46tRHOmNcaadrF8o=
github.com/davecgh/go-spew v1.1.0/go.mod h1:J7Y8YcW2NihsgmVo/mv3lAwl/skON4iLHjSsI+c5H38=
github.com/davecgh/go-spew v1.1.1 h1:vj9j/u1bqnvCEfJOwUhtlOARqs3+rkHYY13jYWTU97c=
github.com/davecgh/go-spew v1.1.1/go.mod h1:J7Y8YcW2NihsgmVo/mv3lAwl/skON4iLHjSsI+c5H38=
github.com/dimchansky/utfbom v1.1.0/go.mod h1:rO41eb7gLfo8SF1jd9F8HplJm1Fewwi4mQvIirEdv+8=
github.com/dimchansky/utfbom v1.1.1 h1:vV6w1AhK4VMnhBno/TPVCoK9U/LP0PkLCS9tbxHdi/U=
github.com/dimchansky/utfbom v1.1.1/go.mod h1:SxdoEBH5qIqFocHMyGOXVAybYJdr71b1Q/j0mACtrfE=
github.com/form3tech-oss/jwt-go v3.2.2+incompatible/go.mod h1:pbq4aXjuKjdthFRnoDwaVPLA+WlJuPGy+QneDUgJi2k=
github.com/golang-jwt/jwt/v4 v4.0.0 h1:RAqyYixv1p7uEnocuy8P1nru5wprCh/MH2BIlW5z5/o=
github.com/golang-jwt/jwt/v4 v4.0.0/go.mod h1:/xlHOz8bRuivTWchD4jCa+NbatV+wEUSzwAxVc6locg=
github.com/google/go-cmp v0.5.1/go.mod h1:v8dTdLbMG2kIc/vJvl+f65V22dbkXbowE6jgT/gNBxE=
github.com/google/go-cmp v0.5.6 h1:BKbKCqvP6I+rmFHt06ZmyQtvB8xAkWdhFyr0ZUNZcxQ=
github.com/google/go-cmp v0.5.6/go.mod h1:v8dTdLbMG2kIc/vJvl+f65V22dbkXbowE6jgT/gNBxE=
github.com/howeyc/gopass v0.0.0-20170109162249-bf9dde6d0d2c/go.mod h1:lADxMC39cJJqL93Duh1xhAs4I2Zs8mKS89XWXFGp9cs=
github.com/mitchellh/go-homedir v1.1.0 h1:lukF9ziXFxDFPkA1vsr5zpc1XuPDn/wFntq5mG+4E0Y=
github.com/mitchellh/go-homedir v1.1.0/go.mod h1:SfyaCUpYCn1Vlf4IUYiD9fPX4A5wJrkLzIz1N1q0pr0=
github.com/pmezard/go-difflib v1.0.0 h1:4DBwDE0NGyQoBHbLQYPwSUPoCMWR5BEzIk/f1lZbAQM=
github.com/pmezard/go-difflib v1.0.0/go.mod h1:iKH77koFhYxTK1pcRnkKkqfTogsbg7gZNVY4sRDYZ/4=
github.com/russross/blackfriday/v2 v2.0.1/go.mod h1:+Rmxgy9KzJVeS9/2gXHxylqXiyQDYRxCVz55jmeOWTM=
github.com/russross/blackfriday/v2 v2.1.0 h1:JIOH55/0cWyOuilr9/qlrm0BSXldqnqwMsf35Ld67mk=
github.com/russross/blackfriday/v2 v2.1.0/go.mod h1:+Rmxgy9KzJVeS9/2gXHxylqXiyQDYRxCVz55jmeOWTM=
github.com/sebnyberg/flagtags v0.0.0-20210812191134-9825f4cda663 h1:TIG01+T9hJ0l7aXk33aTQDG2GC61xXYT/OzEptcVYII=
github.com/sebnyberg/flagtags v0.0.0-20210812191134-9825f4cda663/go.mod h1:0NfX0eHczSVY5Hyipad4j9c0Fe8s4NhU3TQ2B8y/a0U=
github.com/shurcooL/sanitized_anchor_name v1.0.0/go.mod h1:1NzhyTcUVG4SuEtjjoZeVRXNmyL/1OwPU0+IJeTBvfc=
github.com/square/certstrap v1.2.0 h1:ecgyABrbFLr8jSbOC6oTBmBek0t/HqtgrMUZCPuyfdw=
github.com/square/certstrap v1.2.0/go.mod h1:CUHqV+fxJW0Y5UQFnnbYwQ7bpKXO1AKbic9g73799yw=
github.com/stretchr/objx v0.1.0/go.mod h1:HFkY916IF+rwdDfMAkV7OtwuqBVzrE8GR6GFx+wExME=
github.com/stretchr/testify v1.3.0 h1:TivCn/peBQ7UY8ooIcPgZFpTNSz0Q2U6UrFlUfqbe0Q=
github.com/stretchr/testify v1.3.0/go.mod h1:M5WIy9Dh21IEIfnGCwXGc5bZfKNJtfHm1UVUgZn+9EI=
github.com/urfave/cli v1.21.0 h1:wYSSj06510qPIzGSua9ZqsncMmWE3Zr55KBERygyrxE=
github.com/urfave/cli v1.21.0/go.mod h1:lxDj6qX9Q6lWQxIrbrT0nwecwUtRnhVZAJjJZrVUZZQ=
github.com/urfave/cli/v2 v2.2.0/go.mod h1:SE9GqnLQmjVa0iPEY0f1w3ygNIYcIJ0OKPMoW2caLfQ=
github.com/urfave/cli/v2 v2.3.0 h1:qph92Y649prgesehzOrQjdWyxFOp/QVM+6imKHad91M=
github.com/urfave/cli/v2 v2.3.0/go.mod h1:LJmUH05zAU44vOAcrfzZQKsZbVcdbOG8rtL3/XcUArI=
golang.org/x/crypto v0.0.0-20181127143415-eb0de9b17e85/go.mod h1:6SG95UA2DQfeDnfUPMdvaQW0Q7yPrPDi9nlGo2tz2b4=
golang.org/x/crypto v0.0.0-20190308221718-c2843e01d9a2/go.mod h1:djNgcEr1/C05ACkg1iLfiJU5Ep61QUkGW8qpdssI0+w=
golang.org/x/crypto v0.0.0-20201002170205-7f63de1d35b0/go.mod h1:LzIPMQfyMNhhGPhUkYOs5KpL4U8rLKemX1yGLhDgUto=
golang.org/x/crypto v0.0.0-20210220033148-5ea612d1eb83/go.mod h1:jdWPYTVW3xRLrWPugEBEK3UY2ZEsg3UU495nc5E+M+I=
golang.org/x/crypto v0.0.0-20210513164829-c07d793c2f9a/go.mod h1:P+XmwS30IXTQdn5tA2iutPOUgjI07+tq3H3K9MVA1s8=
golang.org/x/crypto v0.0.0-20210921155107-089bfa567519 h1:7I4JAnoQBe7ZtJcBaYHi5UtiO8tQHbUSXxL+pnGRANg=
golang.org/x/crypto v0.0.0-20210921155107-089bfa567519/go.mod h1:GvvjBRRGRdwPK5ydBHafDWAxML/pGHZbMvKqRZ5+Abc=
golang.org/x/net v0.0.0-20190404232315-eb5bcb51f2a3/go.mod h1:t9HGtf8HONx5eT2rtn7q6eTqICYqUVnKs3thJo3Qplg=
golang.org/x/net v0.0.0-20210226172049-e18ecbb05110/go.mod h1:m0MpNAwzfU5UDzcl9v0D8zg8gWTRqZa9RBIspLL5mdg=
golang.org/x/sys v0.0.0-20181128092732-4ed8d59d0b35/go.mod h1:STP8DvDyc/dI5b8T5hshtkjS+E42TnysNCUPdjciGhY=
golang.org/x/sys v0.0.0-20190215142949-d0b11bdaac8a/go.mod h1:STP8DvDyc/dI5b8T5hshtkjS+E42TnysNCUPdjciGhY=
golang.org/x/sys v0.0.0-20190412213103-97732733099d/go.mod h1:h1NjWce9XRLGQEsW7wpKNCjG9DtNlClVuFLEZdDNbEs=
golang.org/x/sys v0.0.0-20191026070338-33540a1f6037/go.mod h1:h1NjWce9XRLGQEsW7wpKNCjG9DtNlClVuFLEZdDNbEs=
golang.org/x/sys v0.0.0-20201119102817-f84b799fce68/go.mod h1:h1NjWce9XRLGQEsW7wpKNCjG9DtNlClVuFLEZdDNbEs=
golang.org/x/sys v0.0.0-20210615035016-665e8c7367d1/go.mod h1:oPkhp1MJrh7nUepCBck5+mAzfO9JrbApNNgaTdGDITg=
golang.org/x/term v0.0.0-20201117132131-f5c789dd3221/go.mod h1:Nr5EML6q2oocZ2LXRh80K7BxOlk5/8JxuGnuhpl+muw=
golang.org/x/term v0.0.0-20201126162022-7de9c90e9dd1/go.mod h1:bj7SfCRtBDWHUb9snDiAeCFNEtKQo2Wmx5Cou7ajbmo=
golang.org/x/text v0.3.0/go.mod h1:NqM8EUOU14njkJ3fqMW+pc6Ldnwhi/IjpwHt7yyuwOQ=
golang.org/x/text v0.3.3/go.mod h1:5Zoc/QRtKVWzQhOtBMvqHzDpF6irO9z98xDceosuGiQ=
golang.org/x/tools v0.0.0-20180917221912-90fa682c2a6e/go.mod h1:n7NCudcB/nEzxVGmLbDWY5pfWTLqBcC2KZ6jyYvM4mQ=
golang.org/x/xerrors v0.0.0-20191204190536-9bdfabe68543 h1:E7g+9GITq07hpfrRu66IVDexMakfv52eLZ2CXBWiKr4=
golang.org/x/xerrors v0.0.0-20191204190536-9bdfabe68543/go.mod h1:I/5z698sn9Ka8TeJc9MKroUUfqBBauWjQqLJ2OPfmY0=
gopkg.in/check.v1 v0.0.0-20161208181325-20d25e280405/go.mod h1:Co6ibVJAznAaIkqp8huTwlJQCZ016jof/cbN4VW5Yz0=
gopkg.in/yaml.v2 v2.2.2/go.mod h1:hI93XBmqTisBFMUTm0b8Fm+jr3Dg1NNxqwp+5A1VGuI=
gopkg.in/yaml.v2 v2.2.3/go.mod h1:hI93XBmqTisBFMUTm0b8Fm+jr3Dg1NNxqwp+5A1VGuI=
software.sslmate.com/src/go-pkcs12 v0.0.0-20210415151418-c5206de65a78 h1:SqYE5+A2qvRhErbsXFfUEUmpWEKxxRSMgGLkvRAFOV4=
software.sslmate.com/src/go-pkcs12 v0.0.0-20210415151418-c5206de65a78/go.mod h1:B7Wf0Ya4DHF9Yw+qfZuJijQYkWicqDa+79Ytmmq3Kjg=
